
Microsoft Visual Studio Solution File, Format Version 12.00
# Visual Studio Version 16
VisualStudioVersion = 16.0.29025.244
MinimumVisualStudioVersion = 10.0.40219.1
Project("{FAE04EC0-301F-11D3-BF4B-00C04F79EFBC}") = "Ch06Ex01_02_etc", "Ch06Ex01_02_etc.csproj", "{4E90A526-64AA-4903-9C0E-72CBBE4D09D4}"
EndProject
Global
	GlobalSection(SolutionConfigurationPlatforms) = preSolution
		Debug|Any CPU = Debug|Any CPU
		Release|Any CPU = Release|Any CPU
	EndGlobalSection
	GlobalSection(ProjectConfigurationPlatforms) = postSolution
		{4E90A526-64AA-4903-9C0E-72CBBE4D09D4}.Debug|Any CPU.ActiveCfg = Debug|Any CPU
		{4E90A526-64AA-4903-9C0E-72CBBE4D09D4}.Debug|Any CPU.Build.0 = Debug|Any CPU
		{4E90A526-64AA-4903-9C0E-72CBBE4D09D4}.Release|Any CPU.ActiveCfg = Release|Any CPU
		{4E90A526-64AA-4903-9C0E-72CBBE4D09D4}.Release|Any CPU.Build.0 = Release|Any CPU
	EndGlobalSection
	GlobalSection(SolutionProperties) = preSolution
		HideSolutionNode = FALSE
	EndGlobalSection
	GlobalSection(ExtensibilityGlobals) = postSolution
		SolutionGuid = {CB462126-711B-4BD6-9A6A-6EE9EAE2D502}
	EndGlobalSection
EndGlobal
